
Microsoft Visual Studio Solution File, Format Version 12.00
# Visual Studio 15
VisualStudioVersion = 15.0.28307.1000
MinimumVisualStudioVersion = 10.0.40219.1
Project("{FAE04EC0-301F-11D3-BF4B-00C04F79EFBC}") = "Get-Writable", "Get-Writable\Get-Writable.csproj", "{789B672B-0445-49A2-BECA-9F3F21E81585}"
EndProject
Global
	GlobalSection(SolutionConfigurationPlatforms) = preSolution
		Debug|Any CPU = Debug|Any CPU
		Release|Any CPU = Release|Any CPU
	EndGlobalSection
	GlobalSection(ProjectConfigurationPlatforms) = postSolution
		{789B672B-0445-49A2-BECA-9F3F21E81585}.Debug|Any CPU.ActiveCfg = Debug|Any CPU
		{789B672B-0445-49A2-BECA-9F3F21E81585}.Debug|Any CPU.Build.0 = Debug|Any CPU
		{789B672B-0445-49A2-BECA-9F3F21E81585}.Release|Any CPU.ActiveCfg = Release|Any CPU
		{789B672B-0445-49A2-BECA-9F3F21E81585}.Release|Any CPU.Build.0 = Release|Any CPU
	EndGlobalSection
	GlobalSection(SolutionProperties) = preSolution
		HideSolutionNode = FALSE
	EndGlobalSection
	GlobalSection(ExtensibilityGlobals) = postSolution
		SolutionGuid = {258DADFC-E6B2-4F5D-9F48-E27264D476F3}
	EndGlobalSection
EndGlobal
